
Microsoft Visual Studio Solution File, Format Version 12.00
# Visual Studio Version 17
VisualStudioVersion = 17.10.35122.118
MinimumVisualStudioVersion = 10.0.40219.1
Project("{FAE04EC0-301F-11D3-BF4B-00C04F79EFBC}") = "tpCours0302", "tpCours0302\tpCours0302.csproj", "{FDF67047-2744-4593-B86D-158F05F32417}"
EndProject
Global
	GlobalSection(SolutionConfigurationPlatforms) = preSolution
		Debug|Any CPU = Debug|Any CPU
		Release|Any CPU = Release|Any CPU
	EndGlobalSection
	GlobalSection(ProjectConfigurationPlatforms) = postSolution
		{FDF67047-2744-4593-B86D-158F05F32417}.Debug|Any CPU.ActiveCfg = Debug|Any CPU
		{FDF67047-2744-4593-B86D-158F05F32417}.Debug|Any CPU.Build.0 = Debug|Any CPU
		{FDF67047-2744-4593-B86D-158F05F32417}.Release|Any CPU.ActiveCfg = Release|Any CPU
		{FDF67047-2744-4593-B86D-158F05F32417}.Release|Any CPU.Build.0 = Release|Any CPU
	EndGlobalSection
	GlobalSection(SolutionProperties) = preSolution
		HideSolutionNode = FALSE
	EndGlobalSection
	GlobalSection(ExtensibilityGlobals) = postSolution
		SolutionGuid = {4E08E1AD-8AF0-4A93-B5B9-A560ADA5AAD7}
	EndGlobalSection
EndGlobal
