
Microsoft Visual Studio Solution File, Format Version 12.00
# Visual Studio Version 17
VisualStudioVersion = 17.10.35122.118
MinimumVisualStudioVersion = 10.0.40219.1
Project("{FAE04EC0-301F-11D3-BF4B-00C04F79EFBC}") = "tpCollections0502", "tpCollections0502\tpCollections0502.csproj", "{4CF71143-A630-47A5-80E2-000721933CAC}"
EndProject
Global
	GlobalSection(SolutionConfigurationPlatforms) = preSolution
		Debug|Any CPU = Debug|Any CPU
		Release|Any CPU = Release|Any CPU
	EndGlobalSection
	GlobalSection(ProjectConfigurationPlatforms) = postSolution
		{4CF71143-A630-47A5-80E2-000721933CAC}.Debug|Any CPU.ActiveCfg = Debug|Any CPU
		{4CF71143-A630-47A5-80E2-000721933CAC}.Debug|Any CPU.Build.0 = Debug|Any CPU
		{4CF71143-A630-47A5-80E2-000721933CAC}.Release|Any CPU.ActiveCfg = Release|Any CPU
		{4CF71143-A630-47A5-80E2-000721933CAC}.Release|Any CPU.Build.0 = Release|Any CPU
	EndGlobalSection
	GlobalSection(SolutionProperties) = preSolution
		HideSolutionNode = FALSE
	EndGlobalSection
	GlobalSection(ExtensibilityGlobals) = postSolution
		SolutionGuid = {4CADF970-0515-4940-AACF-1B0D6416FA4B}
	EndGlobalSection
EndGlobal
